
Microsoft Visual Studio Solution File, Format Version 12.00
# Visual Studio 15
VisualStudioVersion = 15.0.28010.2026
MinimumVisualStudioVersion = 10.0.40219.1
Project("{9A19103F-16F7-4668-BE54-9A1E7A4F7556}") = "DAL", "DAL\DAL.csproj", "{C33F5DD0-3137-40BA-86BF-13DD084AF2DA}"
EndProject
Project("{9A19103F-16F7-4668-BE54-9A1E7A4F7556}") = "BLL", "BLL\BLL.csproj", "{D0861D9D-81AF-445F-B043-BA701007AB14}"
EndProject
Project("{2150E333-8FDC-42A3-9474-1A3956D46DE8}") = "DB Scripts", "DB Scripts", "{8A1E9336-F0AB-4718-921F-33BFDC6BB516}"
	ProjectSection(SolutionItems) = preProject
		DB scripts\Department.sql = DB scripts\Department.sql
		DB scripts\Good.sql = DB scripts\Good.sql
		DB scripts\GoodGroup.sql = DB scripts\GoodGroup.sql
		DB scripts\InventoryBody.sql = DB scripts\InventoryBody.sql
		DB scripts\InventoryDate.sql = DB scripts\InventoryDate.sql
		DB scripts\InventoryHead.sql = DB scripts\InventoryHead.sql
		DB scripts\InventoryResult.sql = DB scripts\InventoryResult.sql
		DB scripts\MyLTdb.sql = DB scripts\MyLTdb.sql
	EndProjectSection
EndProject
Global
	GlobalSection(SolutionConfigurationPlatforms) = preSolution
		Debug|Any CPU = Debug|Any CPU
		Release|Any CPU = Release|Any CPU
	EndGlobalSection
	GlobalSection(ProjectConfigurationPlatforms) = postSolution
		{C33F5DD0-3137-40BA-86BF-13DD084AF2DA}.Debug|Any CPU.ActiveCfg = Debug|Any CPU
		{C33F5DD0-3137-40BA-86BF-13DD084AF2DA}.Debug|Any CPU.Build.0 = Debug|Any CPU
		{C33F5DD0-3137-40BA-86BF-13DD084AF2DA}.Release|Any CPU.ActiveCfg = Release|Any CPU
		{C33F5DD0-3137-40BA-86BF-13DD084AF2DA}.Release|Any CPU.Build.0 = Release|Any CPU
		{D0861D9D-81AF-445F-B043-BA701007AB14}.Debug|Any CPU.ActiveCfg = Debug|Any CPU
		{D0861D9D-81AF-445F-B043-BA701007AB14}.Debug|Any CPU.Build.0 = Debug|Any CPU
		{D0861D9D-81AF-445F-B043-BA701007AB14}.Release|Any CPU.ActiveCfg = Release|Any CPU
		{D0861D9D-81AF-445F-B043-BA701007AB14}.Release|Any CPU.Build.0 = Release|Any CPU
	EndGlobalSection
	GlobalSection(SolutionProperties) = preSolution
		HideSolutionNode = FALSE
	EndGlobalSection
	GlobalSection(ExtensibilityGlobals) = postSolution
		SolutionGuid = {819CFC39-4D72-4F50-8A10-F7169FCE5AB9}
	EndGlobalSection
EndGlobal
